
Microsoft Visual Studio Solution File, Format Version 12.00
# Visual Studio Version 17
VisualStudioVersion = 17.0.31903.59
MinimumVisualStudioVersion = 10.0.40219.1
Project("{FAE04EC0-301F-11D3-BF4B-00C04F79EFBC}") = "IdentityServer", "IdentityServer\IdentityServer.csproj", "{0FC35D17-2183-44E0-838D-E26D6B3E9875}"
EndProject
Project("{FAE04EC0-301F-11D3-BF4B-00C04F79EFBC}") = "MyApi", "MyApi\MyApi.csproj", "{A9C85910-3B49-49D4-B145-6A23B3C09E9F}"
EndProject
Global
	GlobalSection(SolutionConfigurationPlatforms) = preSolution
		Debug|Any CPU = Debug|Any CPU
		Release|Any CPU = Release|Any CPU
	EndGlobalSection
	GlobalSection(SolutionProperties) = preSolution
		HideSolutionNode = FALSE
	EndGlobalSection
	GlobalSection(ProjectConfigurationPlatforms) = postSolution
		{0FC35D17-2183-44E0-838D-E26D6B3E9875}.Debug|Any CPU.ActiveCfg = Debug|Any CPU
		{0FC35D17-2183-44E0-838D-E26D6B3E9875}.Debug|Any CPU.Build.0 = Debug|Any CPU
		{0FC35D17-2183-44E0-838D-E26D6B3E9875}.Release|Any CPU.ActiveCfg = Release|Any CPU
		{0FC35D17-2183-44E0-838D-E26D6B3E9875}.Release|Any CPU.Build.0 = Release|Any CPU
		{A9C85910-3B49-49D4-B145-6A23B3C09E9F}.Debug|Any CPU.ActiveCfg = Debug|Any CPU
		{A9C85910-3B49-49D4-B145-6A23B3C09E9F}.Debug|Any CPU.Build.0 = Debug|Any CPU
		{A9C85910-3B49-49D4-B145-6A23B3C09E9F}.Release|Any CPU.ActiveCfg = Release|Any CPU
		{A9C85910-3B49-49D4-B145-6A23B3C09E9F}.Release|Any CPU.Build.0 = Release|Any CPU
	EndGlobalSection
EndGlobal
